
Microsoft Visual Studio Solution File, Format Version 12.00
# Visual Studio Version 17
VisualStudioVersion = 17.14.36623.8 d17.14
MinimumVisualStudioVersion = 10.0.40219.1
Project("{FAE04EC0-301F-11D3-BF4B-00C04F79EFBC}") = "GestionReservasHotel", "GestionReservasHotel\GestionReservasHotel.csproj", "{CD227161-0A9A-4BD1-A27F-E83C3705F4C1}"
EndProject
Global
	GlobalSection(SolutionConfigurationPlatforms) = preSolution
		Debug|Any CPU = Debug|Any CPU
		Release|Any CPU = Release|Any CPU
	EndGlobalSection
	GlobalSection(ProjectConfigurationPlatforms) = postSolution
		{CD227161-0A9A-4BD1-A27F-E83C3705F4C1}.Debug|Any CPU.ActiveCfg = Debug|Any CPU
		{CD227161-0A9A-4BD1-A27F-E83C3705F4C1}.Debug|Any CPU.Build.0 = Debug|Any CPU
		{CD227161-0A9A-4BD1-A27F-E83C3705F4C1}.Release|Any CPU.ActiveCfg = Release|Any CPU
		{CD227161-0A9A-4BD1-A27F-E83C3705F4C1}.Release|Any CPU.Build.0 = Release|Any CPU
	EndGlobalSection
	GlobalSection(SolutionProperties) = preSolution
		HideSolutionNode = FALSE
	EndGlobalSection
	GlobalSection(ExtensibilityGlobals) = postSolution
		SolutionGuid = {72247F8F-D34A-48B8-AB27-8EA45E5350A1}
	EndGlobalSection
EndGlobal
